
Microsoft Visual Studio Solution File, Format Version 12.00
# Visual Studio Version 16
VisualStudioVersion = 16.0.30104.148
MinimumVisualStudioVersion = 10.0.40219.1
Project("{888888A0-9F3D-457C-B088-3A5042F75D52}") = "LSystem-N1", "LSystem-N1\LSystem-N1.pyproj", "{76412F08-83B8-4E1C-BBAD-CCAF19441242}"
EndProject
Global
	GlobalSection(SolutionConfigurationPlatforms) = preSolution
		Debug|Any CPU = Debug|Any CPU
		Release|Any CPU = Release|Any CPU
	EndGlobalSection
	GlobalSection(ProjectConfigurationPlatforms) = postSolution
		{76412F08-83B8-4E1C-BBAD-CCAF19441242}.Debug|Any CPU.ActiveCfg = Debug|Any CPU
		{76412F08-83B8-4E1C-BBAD-CCAF19441242}.Release|Any CPU.ActiveCfg = Release|Any CPU
	EndGlobalSection
	GlobalSection(SolutionProperties) = preSolution
		HideSolutionNode = FALSE
	EndGlobalSection
	GlobalSection(ExtensibilityGlobals) = postSolution
		SolutionGuid = {00A571FC-EE50-4796-A9EF-A1E2370BC30B}
	EndGlobalSection
EndGlobal
